
Microsoft Visual Studio Solution File, Format Version 12.00
Project("{FAE04EC0-301F-11D3-BF4B-00C04F79EFBC}") = "Dotnet.GprcService", "src\Dotnet.GprcService\Dotnet.GprcService.csproj", "{9FAC1887-B42D-4136-A1AF-4D833D9E8315}"
EndProject
Project("{FAE04EC0-301F-11D3-BF4B-00C04F79EFBC}") = "Dotnet.GrpcClient", "src\Dotnet.GrpcClient\Dotnet.GrpcClient.csproj", "{6B141474-CAF4-4F93-A459-D1FFAFF56F11}"
EndProject
Global
	GlobalSection(SolutionConfigurationPlatforms) = preSolution
		Debug|Any CPU = Debug|Any CPU
		Release|Any CPU = Release|Any CPU
	EndGlobalSection
	GlobalSection(ProjectConfigurationPlatforms) = postSolution
		{9FAC1887-B42D-4136-A1AF-4D833D9E8315}.Debug|Any CPU.ActiveCfg = Debug|Any CPU
		{9FAC1887-B42D-4136-A1AF-4D833D9E8315}.Debug|Any CPU.Build.0 = Debug|Any CPU
		{9FAC1887-B42D-4136-A1AF-4D833D9E8315}.Release|Any CPU.ActiveCfg = Release|Any CPU
		{9FAC1887-B42D-4136-A1AF-4D833D9E8315}.Release|Any CPU.Build.0 = Release|Any CPU
		{6B141474-CAF4-4F93-A459-D1FFAFF56F11}.Debug|Any CPU.ActiveCfg = Debug|Any CPU
		{6B141474-CAF4-4F93-A459-D1FFAFF56F11}.Debug|Any CPU.Build.0 = Debug|Any CPU
		{6B141474-CAF4-4F93-A459-D1FFAFF56F11}.Release|Any CPU.ActiveCfg = Release|Any CPU
		{6B141474-CAF4-4F93-A459-D1FFAFF56F11}.Release|Any CPU.Build.0 = Release|Any CPU
	EndGlobalSection
EndGlobal
